{
  "name": "react-complete-guide",
  "version": "0.1.0",
  "lockfileVersion": 1,
  "requires": true,
  "dependencies": {
    "@babel/runtime": {
      "version": "7.12.5",
      "resolved": "https://art-bobcat.autodesk.com:443/artifactory/api/npm/autodesk-npm-virtual/@babel/runtime/-/runtime-7.12.5.tgz",
      "integrity": "sha1-QQ5+SHRB4bNgwpvnFdhw2bmFiC4=",
      "requires": {
        "regenerator-runtime": "^0.13.4"
      }
    },
    "axios": {
      "version": "0.18.1",
      "resolved": "https://art-bobcat.autodesk.com:443/artifactory/api/npm/autodesk-npm-virtual/axios/-/axios-0.18.1.tgz",
      "integrity": "sha1-/z8N4ue10YDnV62YAA8Qgbh7zqM=",
      "requires": {
        "follow-redirects": "1.5.10",
        "is-buffer": "^2.0.2"
      }
    },
    "debug": {
      "version": "3.1.0",
      "resolved": "https://art-bobcat.autodesk.com:443/artifactory/api/npm/autodesk-npm-virtual/debug/-/debug-3.1.0.tgz",
      "integrity": "sha1-W7WgZyYotkFJVmuhaBnmFRjGcmE=",
      "requires": {
        "ms": "2.0.0"
      }
    },
    "follow-redirects": {
      "version": "1.5.10",
      "resolved": "https://art-bobcat.autodesk.com:443/artifactory/api/npm/autodesk-npm-virtual/follow-redirects/-/follow-redirects-1.5.10.tgz",
      "integrity": "sha1-e3qfmuov3/NnhqlP9kPtB/T/Xio=",
      "requires": {
        "debug": "=3.1.0"
      }
    },
    "history": {
      "version": "4.10.1",
      "resolved": "https://art-bobcat.autodesk.com:443/artifactory/api/npm/autodesk-npm-virtual/history/-/history-4.10.1.tgz",
      "integrity": "sha1-MzcaZeOoOyZ0NOKz87G0xYqtTPM=",
      "requires": {
        "@babel/runtime": "^7.1.2",
        "loose-envify": "^1.2.0",
        "resolve-pathname": "^3.0.0",
        "tiny-invariant": "^1.0.2",
        "tiny-warning": "^1.0.0",
        "value-equal": "^1.0.1"
      }
    },
    "hoist-non-react-statics": {
      "version": "2.5.5",
      "resolved": "https://art-bobcat.autodesk.com:443/artifactory/api/npm/autodesk-npm-virtual/hoist-non-react-statics/-/hoist-non-react-statics-2.5.5.tgz",
      "integrity": "sha1-xZA89AnA39kI84jmGdhrnBF0y0c="
    },
    "invariant": {
      "version": "2.2.4",
      "resolved": "https://art-bobcat.autodesk.com:443/artifactory/api/npm/autodesk-npm-virtual/invariant/-/invariant-2.2.4.tgz",
      "integrity": "sha1-YQ88ksk1nOHbYW5TgAjSP/NRWOY=",
      "requires": {
        "loose-envify": "^1.0.0"
      }
    },
    "is-buffer": {
      "version": "2.0.5",
      "resolved": "https://art-bobcat.autodesk.com:443/artifactory/api/npm/autodesk-npm-virtual/is-buffer/-/is-buffer-2.0.5.tgz",
      "integrity": "sha1-68JS5ADSL/jXf6CYiIIaJKZYwZE="
    },
    "isarray": {
      "version": "0.0.1",
      "resolved": "https://art-bobcat.autodesk.com:443/artifactory/api/npm/autodesk-npm-virtual/isarray/-/isarray-0.0.1.tgz",
      "integrity": "sha1-ihis/Kmo9Bd+Cav8YDiTmwXR7t8="
    },
    "js-tokens": {
      "version": "4.0.0",
      "resolved": "https://art-bobcat.autodesk.com:443/artifactory/api/npm/autodesk-npm-virtual/js-tokens/-/js-tokens-4.0.0.tgz",
      "integrity": "sha1-GSA/tZmR35jjoocFDUZHzerzJJk="
    },
    "loose-envify": {
      "version": "1.4.0",
      "resolved": "https://art-bobcat.autodesk.com:443/artifactory/api/npm/autodesk-npm-virtual/loose-envify/-/loose-envify-1.4.0.tgz",
      "integrity": "sha1-ce5R+nvkyuwaY4OffmgtgTLTDK8=",
      "requires": {
        "js-tokens": "^3.0.0 || ^4.0.0"
      }
    },
    "ms": {
      "version": "2.0.0",
      "resolved": "https://art-bobcat.autodesk.com:443/artifactory/api/npm/autodesk-npm-virtual/ms/-/ms-2.0.0.tgz",
      "integrity": "sha1-VgiurfwAvmwpAd9fmGF4jeDVl8g="
    },
    "object-assign": {
      "version": "4.1.1",
      "resolved": "https://art-bobcat.autodesk.com:443/artifactory/api/npm/autodesk-npm-virtual/object-assign/-/object-assign-4.1.1.tgz",
      "integrity": "sha1-IQmtx5ZYh8/AXLvUQsrIv7s2CGM="
    },
    "path-to-regexp": {
      "version": "1.8.0",
      "resolved": "https://art-bobcat.autodesk.com:443/artifactory/api/npm/autodesk-npm-virtual/path-to-regexp/-/path-to-regexp-1.8.0.tgz",
      "integrity": "sha1-iHs7qdhDk+h6CgufTLdWGYtTVIo=",
      "requires": {
        "isarray": "0.0.1"
      }
    },
    "prop-types": {
      "version": "15.7.2",
      "resolved": "https://art-bobcat.autodesk.com:443/artifactory/api/npm/autodesk-npm-virtual/prop-types/-/prop-types-15.7.2.tgz",
      "integrity": "sha1-UsQedbjIfnK52TYOAga5ncv/psU=",
      "requires": {
        "loose-envify": "^1.4.0",
        "object-assign": "^4.1.1",
        "react-is": "^16.8.1"
      }
    },
    "react": {
      "version": "16.14.0",
      "resolved": "https://art-bobcat.autodesk.com:443/artifactory/api/npm/autodesk-npm-virtual/react/-/react-16.14.0.tgz",
      "integrity": "sha1-lNd23dCqo32j7aj8W2sYpMmjEU0=",
      "requires": {
        "loose-envify": "^1.1.0",
        "object-assign": "^4.1.1",
        "prop-types": "^15.6.2"
      }
    },
    "react-dom": {
      "version": "16.14.0",
      "resolved": "https://art-bobcat.autodesk.com:443/artifactory/api/npm/autodesk-npm-virtual/react-dom/-/react-dom-16.14.0.tgz",
      "integrity": "sha1-etg47Cmnd/s8dcOhkPZhz5Kri4k=",
      "requires": {
        "loose-envify": "^1.1.0",
        "object-assign": "^4.1.1",
        "prop-types": "^15.6.2",
        "scheduler": "^0.19.1"
      }
    },
    "react-is": {
      "version": "16.13.1",
      "resolved": "https://art-bobcat.autodesk.com:443/artifactory/api/npm/autodesk-npm-virtual/react-is/-/react-is-16.13.1.tgz",
      "integrity": "sha1-eJcppNw23imZ3BVt1sHZwYzqVqQ="
    },
    "react-router": {
      "version": "4.3.1",
      "resolved": "https://art-bobcat.autodesk.com:443/artifactory/api/npm/autodesk-npm-virtual/react-router/-/react-router-4.3.1.tgz",
      "integrity": "sha1-qtpK7xTICcsuaGsFzuR0IjRQbE4=",
      "requires": {
        "history": "^4.7.2",
        "hoist-non-react-statics": "^2.5.0",
        "invariant": "^2.2.4",
        "loose-envify": "^1.3.1",
        "path-to-regexp": "^1.7.0",
        "prop-types": "^15.6.1",
        "warning": "^4.0.1"
      }
    },
    "react-router-dom": {
      "version": "4.3.1",
      "resolved": "https://art-bobcat.autodesk.com:443/artifactory/api/npm/autodesk-npm-virtual/react-router-dom/-/react-router-dom-4.3.1.tgz",
      "integrity": "sha1-TCYZ/CTE+ofJ/Rj0+0pD/mP71cY=",
      "requires": {
        "history": "^4.7.2",
        "invariant": "^2.2.4",
        "loose-envify": "^1.3.1",
        "prop-types": "^15.6.1",
        "react-router": "^4.3.1",
        "warning": "^4.0.1"
      }
    },
    "regenerator-runtime": {
      "version": "0.13.7",
      "resolved": "https://art-bobcat.autodesk.com:443/artifactory/api/npm/autodesk-npm-virtual/regenerator-runtime/-/regenerator-runtime-0.13.7.tgz",
      "integrity": "sha1-ysLazIoepnX+qrrriugziYrkb1U="
    },
    "resolve-pathname": {
      "version": "3.0.0",
      "resolved": "https://art-bobcat.autodesk.com:443/artifactory/api/npm/autodesk-npm-virtual/resolve-pathname/-/resolve-pathname-3.0.0.tgz",
      "integrity": "sha1-mdAiJNPPJjaJvsuzk7xWAxMCXc0="
    },
    "scheduler": {
      "version": "0.19.1",
      "resolved": "https://art-bobcat.autodesk.com:443/artifactory/api/npm/autodesk-npm-virtual/scheduler/-/scheduler-0.19.1.tgz",
      "integrity": "sha1-Tz4u0sGn1laB9MhU+oxaHMtA8ZY=",
      "requires": {
        "loose-envify": "^1.1.0",
        "object-assign": "^4.1.1"
      }
    },
    "tiny-invariant": {
      "version": "1.1.0",
      "resolved": "https://art-bobcat.autodesk.com:443/artifactory/api/npm/autodesk-npm-virtual/tiny-invariant/-/tiny-invariant-1.1.0.tgz",
      "integrity": "sha1-Y0xfjv3CdxS384bDXmdgmR0jCHU="
    },
    "tiny-warning": {
      "version": "1.0.3",
      "resolved": "https://art-bobcat.autodesk.com:443/artifactory/api/npm/autodesk-npm-virtual/tiny-warning/-/tiny-warning-1.0.3.tgz",
      "integrity": "sha1-lKMNtFPfTGQ9D9VmBg1gqHXYR1Q="
    },
    "typescript": {
      "version": "3.9.7",
      "resolved": "https://art-bobcat.autodesk.com:443/artifactory/api/npm/autodesk-npm-virtual/typescript/-/typescript-3.9.7.tgz",
      "integrity": "sha1-mNYApevcOPQMsndSLxLcgA6eJfo="
    },
    "value-equal": {
      "version": "1.0.1",
      "resolved": "https://art-bobcat.autodesk.com:443/artifactory/api/npm/autodesk-npm-virtual/value-equal/-/value-equal-1.0.1.tgz",
      "integrity": "sha1-Hgt5THNMXAyt4XnEN9NW2TGjTWw="
    },
    "warning": {
      "version": "4.0.3",
      "resolved": "https://art-bobcat.autodesk.com:443/artifactory/api/npm/autodesk-npm-virtual/warning/-/warning-4.0.3.tgz",
      "integrity": "sha1-Fungd+uKhtavfWSqHgX9hbRnjKM=",
      "requires": {
        "loose-envify": "^1.0.0"
      }
    }
  }
}
